
Microsoft Visual Studio Solution File, Format Version 12.00
# Visual Studio Version 16
VisualStudioVersion = 16.0.28803.156
MinimumVisualStudioVersion = 10.0.40219.1
Project("{9A19103F-16F7-4668-BE54-9A1E7A4F7556}") = "HappyTravel.Edo.Api", "Api\HappyTravel.Edo.Api.csproj", "{1A0B530E-6E80-42C7-AF07-FF3D5756C821}"
EndProject
Project("{9A19103F-16F7-4668-BE54-9A1E7A4F7556}") = "HappyTravel.Edo.Data", "HappyTravel.Edo.Data\HappyTravel.Edo.Data.csproj", "{0E508A14-E9B8-4E93-ABE7-752D20153A5E}"
EndProject
Project("{9A19103F-16F7-4668-BE54-9A1E7A4F7556}") = "HappyTravel.Edo.Common", "HappyTravel.Edo.Common\HappyTravel.Edo.Common.csproj", "{E7FD44D2-D8B2-4F41-9D1C-68C5691DE2E6}"
EndProject
Project("{9A19103F-16F7-4668-BE54-9A1E7A4F7556}") = "HappyTravel.Edo.UnitTests", "HappyTravel.Edo.UnitTests\HappyTravel.Edo.UnitTests.csproj", "{64746E40-6B8C-4F9E-9353-2A124C94E81D}"
EndProject
Project("{9A19103F-16F7-4668-BE54-9A1E7A4F7556}") = "HappyTravel.Edo.Notifications", "HappyTravel.Edo.Notifications\HappyTravel.Edo.Notifications.csproj", "{D0241090-A76F-4AE4-9B79-FF93C1885822}"
EndProject
Project("{FAE04EC0-301F-11D3-BF4B-00C04F79EFBC}") = "HappyTravel.Edo.CreditCards", "HappyTravel.Edo.CreditCards\HappyTravel.Edo.CreditCards.csproj", "{8B267CD6-CCDD-4811-845D-34968DDA2F7C}"
EndProject
Global
	GlobalSection(SolutionConfigurationPlatforms) = preSolution
		Debug|Any CPU = Debug|Any CPU
		Release|Any CPU = Release|Any CPU
	EndGlobalSection
	GlobalSection(ProjectConfigurationPlatforms) = postSolution
		{1A0B530E-6E80-42C7-AF07-FF3D5756C821}.Debug|Any CPU.ActiveCfg = Debug|Any CPU
		{1A0B530E-6E80-42C7-AF07-FF3D5756C821}.Debug|Any CPU.Build.0 = Debug|Any CPU
		{1A0B530E-6E80-42C7-AF07-FF3D5756C821}.Release|Any CPU.ActiveCfg = Release|Any CPU
		{1A0B530E-6E80-42C7-AF07-FF3D5756C821}.Release|Any CPU.Build.0 = Release|Any CPU
		{0E508A14-E9B8-4E93-ABE7-752D20153A5E}.Debug|Any CPU.ActiveCfg = Debug|Any CPU
		{0E508A14-E9B8-4E93-ABE7-752D20153A5E}.Debug|Any CPU.Build.0 = Debug|Any CPU
		{0E508A14-E9B8-4E93-ABE7-752D20153A5E}.Release|Any CPU.ActiveCfg = Release|Any CPU
		{0E508A14-E9B8-4E93-ABE7-752D20153A5E}.Release|Any CPU.Build.0 = Release|Any CPU
		{E7FD44D2-D8B2-4F41-9D1C-68C5691DE2E6}.Debug|Any CPU.ActiveCfg = Debug|Any CPU
		{E7FD44D2-D8B2-4F41-9D1C-68C5691DE2E6}.Debug|Any CPU.Build.0 = Debug|Any CPU
		{E7FD44D2-D8B2-4F41-9D1C-68C5691DE2E6}.Release|Any CPU.ActiveCfg = Release|Any CPU
		{E7FD44D2-D8B2-4F41-9D1C-68C5691DE2E6}.Release|Any CPU.Build.0 = Release|Any CPU
		{64746E40-6B8C-4F9E-9353-2A124C94E81D}.Debug|Any CPU.ActiveCfg = Debug|Any CPU
		{64746E40-6B8C-4F9E-9353-2A124C94E81D}.Debug|Any CPU.Build.0 = Debug|Any CPU
		{64746E40-6B8C-4F9E-9353-2A124C94E81D}.Release|Any CPU.ActiveCfg = Release|Any CPU
		{64746E40-6B8C-4F9E-9353-2A124C94E81D}.Release|Any CPU.Build.0 = Release|Any CPU
		{D0241090-A76F-4AE4-9B79-FF93C1885822}.Debug|Any CPU.ActiveCfg = Debug|Any CPU
		{D0241090-A76F-4AE4-9B79-FF93C1885822}.Debug|Any CPU.Build.0 = Debug|Any CPU
		{D0241090-A76F-4AE4-9B79-FF93C1885822}.Release|Any CPU.ActiveCfg = Release|Any CPU
		{D0241090-A76F-4AE4-9B79-FF93C1885822}.Release|Any CPU.Build.0 = Release|Any CPU
		{8B267CD6-CCDD-4811-845D-34968DDA2F7C}.Debug|Any CPU.ActiveCfg = Debug|Any CPU
		{8B267CD6-CCDD-4811-845D-34968DDA2F7C}.Debug|Any CPU.Build.0 = Debug|Any CPU
		{8B267CD6-CCDD-4811-845D-34968DDA2F7C}.Release|Any CPU.ActiveCfg = Release|Any CPU
		{8B267CD6-CCDD-4811-845D-34968DDA2F7C}.Release|Any CPU.Build.0 = Release|Any CPU
	EndGlobalSection
	GlobalSection(SolutionProperties) = preSolution
		HideSolutionNode = FALSE
	EndGlobalSection
	GlobalSection(ExtensibilityGlobals) = postSolution
		SolutionGuid = {7C00336D-3B7E-4DAF-AF68-FAD5B945F907}
	EndGlobalSection
EndGlobal
